// !$*UTF8*$!
{
	archiveVersion = 1;
	classes = {
	};
	objectVersion = 46;
	objects = {

/* Begin PBXBuildFile section */
		6A08ECDF1A23103500BB50FA /* AppDelegate.swift in Sources */ = {isa = PBXBuildFile; fileRef = 6A08ECDE1A23103500BB50FA /* AppDelegate.swift */; };
		6A08ECE11A23103500BB50FA /* ViewController.swift in Sources */ = {isa = PBXBuildFile; fileRef = 6A08ECE01A23103500BB50FA /* ViewController.swift */; };
		6A08ECE41A23103500BB50FA /* Main.storyboard in Resources */ = {isa = PBXBuildFile; fileRef = 6A08ECE21A23103500BB50FA /* Main.storyboard */; };
		6A08ECE61A23103500BB50FA /* Images.xcassets in Resources */ = {isa = PBXBuildFile; fileRef = 6A08ECE51A23103500BB50FA /* Images.xcassets */; };
		6A08ECE91A23103500BB50FA /* LaunchScreen.xib in Resources */ = {isa = PBXBuildFile; fileRef = 6A08ECE71A23103500BB50FA /* LaunchScreen.xib */; };
		6A08ECF51A23103500BB50FA /* Alamofire_testTests.swift in Sources */ = {isa = PBXBuildFile; fileRef = 6A08ECF41A23103500BB50FA /* Alamofire_testTests.swift */; };
/* End PBXBuildFile section */

/* Begin PBXContainerItemProxy section */
		6A08ECEF1A23103500BB50FA /* PBXContainerItemProxy */ = {
			isa = PBXContainerItemProxy;
			containerPortal = 6A08ECD11A23103500BB50FA /* Project object */;
			proxyType = 1;
			remoteGlobalIDString = 6A08ECD81A23103500BB50FA;
			remoteInfo = "Alamofire-test";
		};
/* End PBXContainerItemProxy section */

/* Begin PBXFileReference section */
		6A08ECD91A23103500BB50FA /* Alamofire-test.app */ = {isa = PBXFileReference; explicitFileType = wrapper.application; includeInIndex = 0; path = "Alamofire-test.app"; sourceTree = BUILT_PRODUCTS_DIR; };
		6A08ECDD1A23103500BB50FA /* Info.plist */ = {isa = PBXFileReference; lastKnownFileType = text.plist.xml; path = Info.plist; sourceTree = "<group>"; };
		6A08ECDE1A23103500BB50FA /* AppDelegate.swift */ = {isa = PBXFileReference; lastKnownFileType = sourcecode.swift; path = AppDelegate.swift; sourceTree = "<group>"; };
		6A08ECE01A23103500BB50FA /* ViewController.swift */ = {isa = PBXFileReference; lastKnownFileType = sourcecode.swift; path = ViewController.swift; sourceTree = "<group>"; };
		6A08ECE31A23103500BB50FA /* Base */ = {isa = PBXFileReference; lastKnownFileType = file.storyboard; name = Base; path = Base.lproj/Main.storyboard; sourceTree = "<group>"; };
		6A08ECE51A23103500BB50FA /* Images.xcassets */ = {isa = PBXFileReference; lastKnownFileType = folder.assetcatalog; path = Images.xcassets; sourceTree = "<group>"; };
		6A08ECE81A23103500BB50FA /* Base */ = {isa = PBXFileReference; lastKnownFileType = file.xib; name = Base; path = Base.lproj/LaunchScreen.xib; sourceTree = "<group>"; };
		6A08ECEE1A23103500BB50FA /* Alamofire-testTests.xctest */ = {isa = PBXFileReference; explicitFileType = wrapper.cfbundle; includeInIndex = 0; path = "Alamofire-testTests.xctest"; sourceTree = BUILT_PRODUCTS_DIR; };
		6A08ECF31A23103500BB50FA /* Info.plist */ = {isa = PBXFileReference; lastKnownFileType = text.plist.xml; path = Info.plist; sourceTree = "<group>"; };
		6A08ECF41A23103500BB50FA /* Alamofire_testTests.swift */ = {isa = PBXFileReference; lastKnownFileType = sourcecode.swift; path = Alamofire_testTests.swift; sourceTree = "<group>"; };
/* End PBXFileReference section */

/* Begin PBXFrameworksBuildPhase section */
		6A08ECD61A23103500BB50FA /* Frameworks */ = {
			isa = PBXFrameworksBuildPhase;
			buildActionMask = 2147483647;
			files = (
			);
			runOnlyForDeploymentPostprocessing = 0;
		};
		6A08ECEB1A23103500BB50FA /* Frameworks */ = {
			isa = PBXFrameworksBuildPhase;
			buildActionMask = 2147483647;
			files = (
			);
			runOnlyForDeploymentPostprocessing = 0;
		};
/* End PBXFrameworksBuildPhase section */

/* Begin PBXGroup section */
		6A08ECD01A23103500BB50FA = {
			isa = PBXGroup;
			children = (
				6A08ECDB1A23103500BB50FA /* Alamofire-test */,
				6A08ECF11A23103500BB50FA /* Alamofire-testTests */,
				6A08ECDA1A23103500BB50FA /* Products */,
			);
			sourceTree = "<group>";
		};
		6A08ECDA1A23103500BB50FA /* Products */ = {
			isa = PBXGroup;
			children = (
				6A08ECD91A23103500BB50FA /* Alamofire-test.app */,
				6A08ECEE1A23103500BB50FA /* Alamofire-testTests.xctest */,
			);
			name = Products;
			sourceTree = "<group>";
		};
		6A08ECDB1A23103500BB50FA /* Alamofire-test */ = {
			isa = PBXGroup;
			children = (
				6A08ECDE1A23103500BB50FA /* AppDelegate.swift */,
				6A08ECE01A23103500BB50FA /* ViewController.swift */,
				6A08ECE21A23103500BB50FA /* Main.storyboard */,
				6A08ECE51A23103500BB50FA /* Images.xcassets */,
				6A08ECE71A23103500BB50FA /* LaunchScreen.xib */,
				6A08ECDC1A23103500BB50FA /* Supporting Files */,
			);
			path = "Alamofire-test";
			sourceTree = "<group>";
		};
		6A08ECDC1A23103500BB50FA /* Supporting Files */ = {
			isa = PBXGroup;
			children = (
				6A08ECDD1A23103500BB50FA /* Info.plist */,
			);
			name = "Supporting Files";
			sourceTree = "<group>";
		};
		6A08ECF11A23103500BB50FA /* Alamofire-testTests */ = {
			isa = PBXGroup;
			children = (
				6A08ECF41A23103500BB50FA /* Alamofire_testTests.swift */,
				6A08ECF21A23103500BB50FA /* Supporting Files */,
			);
			path = "Alamofire-testTests";
			sourceTree = "<group>";
		};
		6A08ECF21A23103500BB50FA /* Supporting Files */ = {
			isa = PBXGroup;
			children = (
				6A08ECF31A23103500BB50FA /* Info.plist */,
			);
			name = "Supporting Files";
			sourceTree = "<group>";
		};
/* End PBXGroup section */

/* Begin PBXNativeTarget section */
		6A08ECD81A23103500BB50FA /* Alamofire-test */ = {
			isa = PBXNativeTarget;
			buildConfigurationList = 6A08ECF81A23103500BB50FA /* Build configuration list for PBXNativeTarget "Alamofire-test" */;
			buildPhases = (
				6A08ECD51A23103500BB50FA /* Sources */,
				6A08ECD61A23103500BB50FA /* Frameworks */,
				6A08ECD71A23103500BB50FA /* Resources */,
			);
			buildRules = (
			);
			dependencies = (
			);
			name = "Alamofire-test";
			productName = "Alamofire-test";
			productReference = 6A08ECD91A23103500BB50FA /* Alamofire-test.app */;
			productType = "com.apple.product-type.application";
		};
		6A08ECED1A23103500BB50FA /* Alamofire-testTests */ = {
			isa = PBXNativeTarget;
			buildConfigurationList = 6A08ECFB1A23103500BB50FA /* Build configuration list for PBXNativeTarget "Alamofire-testTests" */;
			buildPhases = (
				6A08ECEA1A23103500BB50FA /* Sources */,
				6A08ECEB1A23103500BB50FA /* Frameworks */,
				6A08ECEC1A23103500BB50FA /* Resources */,
			);
			buildRules = (
			);
			dependencies = (
				6A08ECF01A23103500BB50FA /* PBXTargetDependency */,
			);
			name = "Alamofire-testTests";
			productName = "Alamofire-testTests";
			productReference = 6A08ECEE1A23103500BB50FA /* Alamofire-testTests.xctest */;
			productType = "com.apple.product-type.bundle.unit-test";
		};
/* End PBXNativeTarget section */

/* Begin PBXProject section */
		6A08ECD11A23103500BB50FA /* Project object */ = {
			isa = PBXProject;
			attributes = {
				LastUpgradeCheck = 0610;
				ORGANIZATIONNAME = "teitei-tk";
				TargetAttributes = {
					6A08ECD81A23103500BB50FA = {
						CreatedOnToolsVersion = 6.1;
					};
					6A08ECED1A23103500BB50FA = {
						CreatedOnToolsVersion = 6.1;
						TestTargetID = 6A08ECD81A23103500BB50FA;
					};
				};
			};
			buildConfigurationList = 6A08ECD41A23103500BB50FA /* Build configuration list for PBXProject "Alamofire-test" */;
			compatibilityVersion = "Xcode 3.2";
			developmentRegion = English;
			hasScannedForEncodings = 0;
			knownRegions = (
				en,
				Base,
			);
			mainGroup = 6A08ECD01A23103500BB50FA;
			productRefGroup = 6A08ECDA1A23103500BB50FA /* Products */;
			projectDirPath = "";
			projectRoot = "";
			targets = (
				6A08ECD81A23103500BB50FA /* Alamofire-test */,
				6A08ECED1A23103500BB50FA /* Alamofire-testTests */,
			);
		};
/* End PBXProject section */

/* Begin PBXResourcesBuildPhase section */
		6A08ECD71A23103500BB50FA /* Resources */ = {
			isa = PBXResourcesBuildPhase;
			buildActionMask = 2147483647;
			files = (
				6A08ECE41A23103500BB50FA /* Main.storyboard in Resources */,
				6A08ECE91A23103500BB50FA /* LaunchScreen.xib in Resources */,
				6A08ECE61A23103500BB50FA /* Images.xcassets in Resources */,
			);
			runOnlyForDeploymentPostprocessing = 0;
		};
		6A08ECEC1A23103500BB50FA /* Resources */ = {
			isa = PBXResourcesBuildPhase;
			buildActionMask = 2147483647;
			files = (
			);
			runOnlyForDeploymentPostprocessing = 0;
		};
/* End PBXResourcesBuildPhase section */

/* Begin PBXSourcesBuildPhase section */
		6A08ECD51A23103500BB50FA /* Sources */ = {
			isa = PBXSourcesBuildPhase;
			buildActionMask = 2147483647;
			files = (
				6A08ECE11A23103500BB50FA /* ViewController.swift in Sources */,
				6A08ECDF1A23103500BB50FA /* AppDelegate.swift in Sources */,
			);
			runOnlyForDeploymentPostprocessing = 0;
		};
		6A08ECEA1A23103500BB50FA /* Sources */ = {
			isa = PBXSourcesBuildPhase;
			buildActionMask = 2147483647;
			files = (
				6A08ECF51A23103500BB50FA /* Alamofire_testTests.swift in Sources */,
			);
			runOnlyForDeploymentPostprocessing = 0;
		};
/* End PBXSourcesBuildPhase section */

/* Begin PBXTargetDependency section */
		6A08ECF01A23103500BB50FA /* PBXTargetDependency */ = {
			isa = PBXTargetDependency;
			target = 6A08ECD81A23103500BB50FA /* Alamofire-test */;
			targetProxy = 6A08ECEF1A23103500BB50FA /* PBXContainerItemProxy */;
		};
/* End PBXTargetDependency section */

/* Begin PBXVariantGroup section */
		6A08ECE21A23103500BB50FA /* Main.storyboard */ = {
			isa = PBXVariantGroup;
			children = (
				6A08ECE31A23103500BB50FA /* Base */,
			);
			name = Main.storyboard;
			sourceTree = "<group>";
		};
		6A08ECE71A23103500BB50FA /* LaunchScreen.xib */ = {
			isa = PBXVariantGroup;
			children = (
				6A08ECE81A23103500BB50FA /* Base */,
			);
			name = LaunchScreen.xib;
			sourceTree = "<group>";
		};
/* End PBXVariantGroup section */

/* Begin XCBuildConfiguration section */
		6A08ECF61A23103500BB50FA /* Debug */ = {
			isa = XCBuildConfiguration;
			buildSettings = {
				ALWAYS_SEARCH_USER_PATHS = NO;
				CLANG_CXX_LANGUAGE_STANDARD = "gnu++0x";
				CLANG_CXX_LIBRARY = "libc++";
				CLANG_ENABLE_MODULES = YES;
				CLANG_ENABLE_OBJC_ARC = YES;
				CLANG_WARN_BOOL_CONVERSION = YES;
				CLANG_WARN_CONSTANT_CONVERSION = YES;
				CLANG_WARN_DIRECT_OBJC_ISA_USAGE = YES_ERROR;
				CLANG_WARN_EMPTY_BODY = YES;
				CLANG_WARN_ENUM_CONVERSION = YES;
				CLANG_WARN_INT_CONVERSION = YES;
				CLANG_WARN_OBJC_ROOT_CLASS = YES_ERROR;
				CLANG_WARN_UNREACHABLE_CODE = YES;
				CLANG_WARN__DUPLICATE_METHOD_MATCH = YES;
				"CODE_SIGN_IDENTITY[sdk=iphoneos*]" = "iPhone Developer";
				COPY_PHASE_STRIP = NO;
				ENABLE_STRICT_OBJC_MSGSEND = YES;
				GCC_C_LANGUAGE_STANDARD = gnu99;
				GCC_DYNAMIC_NO_PIC = NO;
				GCC_OPTIMIZATION_LEVEL = 0;
				GCC_PREPROCESSOR_DEFINITIONS = (
					"DEBUG=1",
					"$(inherited)",
				);
				GCC_SYMBOLS_PRIVATE_EXTERN = NO;
				GCC_WARN_64_TO_32_BIT_CONVERSION = YES;
				GCC_WARN_ABOUT_RETURN_TYPE = YES_ERROR;
				GCC_WARN_UNDECLARED_SELECTOR = YES;
				GCC_WARN_UNINITIALIZED_AUTOS = YES_AGGRESSIVE;
				GCC_WARN_UNUSED_FUNCTION = YES;
				GCC_WARN_UNUSED_VARIABLE = YES;
				IPHONEOS_DEPLOYMENT_TARGET = 8.1;
				MTL_ENABLE_DEBUG_INFO = YES;
				ONLY_ACTIVE_ARCH = YES;
				SDKROOT = iphoneos;
				SWIFT_OPTIMIZATION_LEVEL = "-Onone";
			};
			name = Debug;
		};
		6A08ECF71A23103500BB50FA /* Release */ = {
			isa = XCBuildConfiguration;
			buildSettings = {
				ALWAYS_SEARCH_USER_PATHS = NO;
				CLANG_CXX_LANGUAGE_STANDARD = "gnu++0x";
				CLANG_CXX_LIBRARY = "libc++";
				CLANG_ENABLE_MODULES = YES;
				CLANG_ENABLE_OBJC_ARC = YES;
				CLANG_WARN_BOOL_CONVERSION = YES;
				CLANG_WARN_CONSTANT_CONVERSION = YES;
				CLANG_WARN_DIRECT_OBJC_ISA_USAGE = YES_ERROR;
				CLANG_WARN_EMPTY_BODY = YES;
				CLANG_WARN_ENUM_CONVERSION = YES;
				CLANG_WARN_INT_CONVERSION = YES;
				CLANG_WARN_OBJC_ROOT_CLASS = YES_ERROR;
				CLANG_WARN_UNREACHABLE_CODE = YES;
				CLANG_WARN__DUPLICATE_METHOD_MATCH = YES;
				"CODE_SIGN_IDENTITY[sdk=iphoneos*]" = "iPhone Developer";
				COPY_PHASE_STRIP = YES;
				ENABLE_NS_ASSERTIONS = NO;
				ENABLE_STRICT_OBJC_MSGSEND = YES;
				GCC_C_LANGUAGE_STANDARD = gnu99;
				GCC_WARN_64_TO_32_BIT_CONVERSION = YES;
				GCC_WARN_ABOUT_RETURN_TYPE = YES_ERROR;
				GCC_WARN_UNDECLARED_SELECTOR = YES;
				GCC_WARN_UNINITIALIZED_AUTOS = YES_AGGRESSIVE;
				GCC_WARN_UNUSED_FUNCTION = YES;
				GCC_WARN_UNUSED_VARIABLE = YES;
				IPHONEOS_DEPLOYMENT_TARGET = 8.1;
				MTL_ENABLE_DEBUG_INFO = NO;
				SDKROOT = iphoneos;
				VALIDATE_PRODUCT = YES;
			};
			name = Release;
		};
		6A08ECF91A23103500BB50FA /* Debug */ = {
			isa = XCBuildConfiguration;
			buildSettings = {
				ASSETCATALOG_COMPILER_APPICON_NAME = AppIcon;
				INFOPLIST_FILE = "Alamofire-test/Info.plist";
				LD_RUNPATH_SEARCH_PATHS = "$(inherited) @executable_path/Frameworks";
				PRODUCT_NAME = "$(TARGET_NAME)";
			};
			name = Debug;
		};
		6A08ECFA1A23103500BB50FA /* Release */ = {
			isa = XCBuildConfiguration;
			buildSettings = {
				ASSETCATALOG_COMPILER_APPICON_NAME = AppIcon;
				INFOPLIST_FILE = "Alamofire-test/Info.plist";
				LD_RUNPATH_SEARCH_PATHS = "$(inherited) @executable_path/Frameworks";
				PRODUCT_NAME = "$(TARGET_NAME)";
			};
			name = Release;
		};
		6A08ECFC1A23103500BB50FA /* Debug */ = {
			isa = XCBuildConfiguration;
			buildSettings = {
				BUNDLE_LOADER = "$(TEST_HOST)";
				FRAMEWORK_SEARCH_PATHS = (
					"$(SDKROOT)/Developer/Library/Frameworks",
					"$(inherited)",
				);
				GCC_PREPROCESSOR_DEFINITIONS = (
					"DEBUG=1",
					"$(inherited)",
				);
				INFOPLIST_FILE = "Alamofire-testTests/Info.plist";
				LD_RUNPATH_SEARCH_PATHS = "$(inherited) @executable_path/Frameworks @loader_path/Frameworks";
				PRODUCT_NAME = "$(TARGET_NAME)";
				TEST_HOST = "$(BUILT_PRODUCTS_DIR)/Alamofire-test.app/Alamofire-test";
			};
			name = Debug;
		};
		6A08ECFD1A23103500BB50FA /* Release */ = {
			isa = XCBuildConfiguration;
			buildSettings = {
				BUNDLE_LOADER = "$(TEST_HOST)";
				FRAMEWORK_SEARCH_PATHS = (
					"$(SDKROOT)/Developer/Library/Frameworks",
					"$(inherited)",
				);
				INFOPLIST_FILE = "Alamofire-testTests/Info.plist";
				LD_RUNPATH_SEARCH_PATHS = "$(inherited) @executable_path/Frameworks @loader_path/Frameworks";
				PRODUCT_NAME = "$(TARGET_NAME)";
				TEST_HOST = "$(BUILT_PRODUCTS_DIR)/Alamofire-test.app/Alamofire-test";
			};
			name = Release;
		};
/* End XCBuildConfiguration section */

/* Begin XCConfigurationList section */
		6A08ECD41A23103500BB50FA /* Build configuration list for PBXProject "Alamofire-test" */ = {
			isa = XCConfigurationList;
			buildConfigurations = (
				6A08ECF61A23103500BB50FA /* Debug */,
				6A08ECF71A23103500BB50FA /* Release */,
			);
			defaultConfigurationIsVisible = 0;
			defaultConfigurationName = Release;
		};
		6A08ECF81A23103500BB50FA /* Build configuration list for PBXNativeTarget "Alamofire-test" */ = {
			isa = XCConfigurationList;
			buildConfigurations = (
				6A08ECF91A23103500BB50FA /* Debug */,
				6A08ECFA1A23103500BB50FA /* Release */,
			);
			defaultConfigurationIsVisible = 0;
		};
		6A08ECFB1A23103500BB50FA /* Build configuration list for PBXNativeTarget "Alamofire-testTests" */ = {
			isa = XCConfigurationList;
			buildConfigurations = (
				6A08ECFC1A23103500BB50FA /* Debug */,
				6A08ECFD1A23103500BB50FA /* Release */,
			);
			defaultConfigurationIsVisible = 0;
		};
/* End XCConfigurationList section */
	};
	rootObject = 6A08ECD11A23103500BB50FA /* Project object */;
}
